
Microsoft Visual Studio Solution File, Format Version 12.00
# Visual Studio 15
VisualStudioVersion = 15.0.27130.2010
MinimumVisualStudioVersion = 10.0.40219.1
Project("{9A19103F-16F7-4668-BE54-9A1E7A4F7556}") = "StaffOrder.WebApi", "StaffOrder.WebApi\StaffOrder.WebApi.csproj", "{3F8D3B86-3709-4124-9933-3DF3C815611A}"
EndProject
Project("{9A19103F-16F7-4668-BE54-9A1E7A4F7556}") = "StaffOrder.Domain", "StaffOrder.Domain\StaffOrder.Domain.csproj", "{FAA5A6BE-DB9B-46E0-9E35-C4BC9F85853A}"
EndProject
Project("{9A19103F-16F7-4668-BE54-9A1E7A4F7556}") = "StaffOrder.Interface", "StaffOrder.Interface\StaffOrder.Interface.csproj", "{9B9E79DB-F539-4D8F-94FB-B9063F5D2B44}"
EndProject
Project("{9A19103F-16F7-4668-BE54-9A1E7A4F7556}") = "StaffOrder.Infrastructure", "StaffOrder.Infrastructure\StaffOrder.Infrastructure.csproj", "{89B208A7-9A86-4F97-B92F-C4921A85DC0F}"
EndProject
Project("{9A19103F-16F7-4668-BE54-9A1E7A4F7556}") = "StaffOrder.Service", "StaffOrder.Service\StaffOrder.Service.csproj", "{B7C3DE21-7E3F-4B96-9A17-91DCBE154DDD}"
EndProject
Global
	GlobalSection(SolutionConfigurationPlatforms) = preSolution
		Debug|Any CPU = Debug|Any CPU
		Release|Any CPU = Release|Any CPU
	EndGlobalSection
	GlobalSection(ProjectConfigurationPlatforms) = postSolution
		{3F8D3B86-3709-4124-9933-3DF3C815611A}.Debug|Any CPU.ActiveCfg = Debug|Any CPU
		{3F8D3B86-3709-4124-9933-3DF3C815611A}.Debug|Any CPU.Build.0 = Debug|Any CPU
		{3F8D3B86-3709-4124-9933-3DF3C815611A}.Release|Any CPU.ActiveCfg = Release|Any CPU
		{3F8D3B86-3709-4124-9933-3DF3C815611A}.Release|Any CPU.Build.0 = Release|Any CPU
		{FAA5A6BE-DB9B-46E0-9E35-C4BC9F85853A}.Debug|Any CPU.ActiveCfg = Debug|Any CPU
		{FAA5A6BE-DB9B-46E0-9E35-C4BC9F85853A}.Debug|Any CPU.Build.0 = Debug|Any CPU
		{FAA5A6BE-DB9B-46E0-9E35-C4BC9F85853A}.Release|Any CPU.ActiveCfg = Release|Any CPU
		{FAA5A6BE-DB9B-46E0-9E35-C4BC9F85853A}.Release|Any CPU.Build.0 = Release|Any CPU
		{9B9E79DB-F539-4D8F-94FB-B9063F5D2B44}.Debug|Any CPU.ActiveCfg = Debug|Any CPU
		{9B9E79DB-F539-4D8F-94FB-B9063F5D2B44}.Debug|Any CPU.Build.0 = Debug|Any CPU
		{9B9E79DB-F539-4D8F-94FB-B9063F5D2B44}.Release|Any CPU.ActiveCfg = Release|Any CPU
		{9B9E79DB-F539-4D8F-94FB-B9063F5D2B44}.Release|Any CPU.Build.0 = Release|Any CPU
		{89B208A7-9A86-4F97-B92F-C4921A85DC0F}.Debug|Any CPU.ActiveCfg = Debug|Any CPU
		{89B208A7-9A86-4F97-B92F-C4921A85DC0F}.Debug|Any CPU.Build.0 = Debug|Any CPU
		{89B208A7-9A86-4F97-B92F-C4921A85DC0F}.Release|Any CPU.ActiveCfg = Release|Any CPU
		{89B208A7-9A86-4F97-B92F-C4921A85DC0F}.Release|Any CPU.Build.0 = Release|Any CPU
		{B7C3DE21-7E3F-4B96-9A17-91DCBE154DDD}.Debug|Any CPU.ActiveCfg = Debug|Any CPU
		{B7C3DE21-7E3F-4B96-9A17-91DCBE154DDD}.Debug|Any CPU.Build.0 = Debug|Any CPU
		{B7C3DE21-7E3F-4B96-9A17-91DCBE154DDD}.Release|Any CPU.ActiveCfg = Release|Any CPU
		{B7C3DE21-7E3F-4B96-9A17-91DCBE154DDD}.Release|Any CPU.Build.0 = Release|Any CPU
	EndGlobalSection
	GlobalSection(SolutionProperties) = preSolution
		HideSolutionNode = FALSE
	EndGlobalSection
	GlobalSection(ExtensibilityGlobals) = postSolution
		SolutionGuid = {5F19977E-6059-449E-A77F-A007DA2B1273}
	EndGlobalSection
EndGlobal
